
Microsoft Visual Studio Solution File, Format Version 12.00
# Visual Studio Version 17
VisualStudioVersion = 17.12.35707.178
MinimumVisualStudioVersion = 10.0.40219.1
Project("{FAE04EC0-301F-11D3-BF4B-00C04F79EFBC}") = "Web.Api", "Web.Api\Web.Api.csproj", "{1009925C-63FE-47A7-AE74-D16DF16465E9}"
EndProject
Project("{FAE04EC0-301F-11D3-BF4B-00C04F79EFBC}") = "Web.Application", "Web.Application\Web.Application.csproj", "{3D084156-7DF7-4543-9EB8-721CA29C524E}"
EndProject
Project("{FAE04EC0-301F-11D3-BF4B-00C04F79EFBC}") = "Web.Infrastructure", "Web.Infrastructure\Web.Infrastructure.csproj", "{15BBDA32-2825-40E2-A98D-2E42A60DAA97}"
EndProject
Project("{54A90642-561A-4BB1-A94E-469ADEE60C69}") = "Web.UI", "Web.UI\Web.UI.esproj", "{6248DF73-0DAC-4837-A1CE-5F6CD9E1E222}"
EndProject
Global
	GlobalSection(SolutionConfigurationPlatforms) = preSolution
		Debug|Any CPU = Debug|Any CPU
		Release|Any CPU = Release|Any CPU
	EndGlobalSection
	GlobalSection(ProjectConfigurationPlatforms) = postSolution
		{1009925C-63FE-47A7-AE74-D16DF16465E9}.Debug|Any CPU.ActiveCfg = Debug|Any CPU
		{1009925C-63FE-47A7-AE74-D16DF16465E9}.Debug|Any CPU.Build.0 = Debug|Any CPU
		{1009925C-63FE-47A7-AE74-D16DF16465E9}.Release|Any CPU.ActiveCfg = Release|Any CPU
		{1009925C-63FE-47A7-AE74-D16DF16465E9}.Release|Any CPU.Build.0 = Release|Any CPU
		{3D084156-7DF7-4543-9EB8-721CA29C524E}.Debug|Any CPU.ActiveCfg = Debug|Any CPU
		{3D084156-7DF7-4543-9EB8-721CA29C524E}.Debug|Any CPU.Build.0 = Debug|Any CPU
		{3D084156-7DF7-4543-9EB8-721CA29C524E}.Release|Any CPU.ActiveCfg = Release|Any CPU
		{3D084156-7DF7-4543-9EB8-721CA29C524E}.Release|Any CPU.Build.0 = Release|Any CPU
		{15BBDA32-2825-40E2-A98D-2E42A60DAA97}.Debug|Any CPU.ActiveCfg = Debug|Any CPU
		{15BBDA32-2825-40E2-A98D-2E42A60DAA97}.Debug|Any CPU.Build.0 = Debug|Any CPU
		{15BBDA32-2825-40E2-A98D-2E42A60DAA97}.Release|Any CPU.ActiveCfg = Release|Any CPU
		{15BBDA32-2825-40E2-A98D-2E42A60DAA97}.Release|Any CPU.Build.0 = Release|Any CPU
		{6248DF73-0DAC-4837-A1CE-5F6CD9E1E222}.Debug|Any CPU.ActiveCfg = Debug|Any CPU
		{6248DF73-0DAC-4837-A1CE-5F6CD9E1E222}.Debug|Any CPU.Build.0 = Debug|Any CPU
		{6248DF73-0DAC-4837-A1CE-5F6CD9E1E222}.Debug|Any CPU.Deploy.0 = Debug|Any CPU
		{6248DF73-0DAC-4837-A1CE-5F6CD9E1E222}.Release|Any CPU.ActiveCfg = Release|Any CPU
		{6248DF73-0DAC-4837-A1CE-5F6CD9E1E222}.Release|Any CPU.Build.0 = Release|Any CPU
		{6248DF73-0DAC-4837-A1CE-5F6CD9E1E222}.Release|Any CPU.Deploy.0 = Release|Any CPU
	EndGlobalSection
	GlobalSection(SolutionProperties) = preSolution
		HideSolutionNode = FALSE
	EndGlobalSection
EndGlobal
